// !$*UTF8*$!
{
	archiveVersion = 1;
	classes = {
	};
	objectVersion = 46;
	objects = {

/* Begin PBXBuildFile section */
		43EAF6D91C46389400AD213A /* main.m in Sources */ = {isa = PBXBuildFile; fileRef = 43EAF6D81C46389400AD213A /* main.m */; };
		43EAF6DC1C46389400AD213A /* AppDelegate.m in Sources */ = {isa = PBXBuildFile; fileRef = 43EAF6DB1C46389400AD213A /* AppDelegate.m */; };
		43EAF6DF1C46389400AD213A /* ViewController.m in Sources */ = {isa = PBXBuildFile; fileRef = 43EAF6DE1C46389400AD213A /* ViewController.m */; };
		43EAF6E21C46389400AD213A /* Main.storyboard in Resources */ = {isa = PBXBuildFile; fileRef = 43EAF6E01C46389400AD213A /* Main.storyboard */; };
		43EAF6E41C46389400AD213A /* Assets.xcassets in Resources */ = {isa = PBXBuildFile; fileRef = 43EAF6E31C46389400AD213A /* Assets.xcassets */; };
		43EAF6E71C46389400AD213A /* LaunchScreen.storyboard in Resources */ = {isa = PBXBuildFile; fileRef = 43EAF6E51C46389400AD213A /* LaunchScreen.storyboard */; };
/* End PBXBuildFile section */

/* Begin PBXFileReference section */
		43EAF6D41C46389400AD213A /* TestOrge3D.app */ = {isa = PBXFileReference; explicitFileType = wrapper.application; includeInIndex = 0; path = TestOrge3D.app; sourceTree = BUILT_PRODUCTS_DIR; };
		43EAF6D81C46389400AD213A /* main.m */ = {isa = PBXFileReference; lastKnownFileType = sourcecode.c.objc; path = main.m; sourceTree = "<group>"; };
		43EAF6DA1C46389400AD213A /* AppDelegate.h */ = {isa = PBXFileReference; lastKnownFileType = sourcecode.c.h; path = AppDelegate.h; sourceTree = "<group>"; };
		43EAF6DB1C46389400AD213A /* AppDelegate.m */ = {isa = PBXFileReference; lastKnownFileType = sourcecode.c.objc; path = AppDelegate.m; sourceTree = "<group>"; };
		43EAF6DD1C46389400AD213A /* ViewController.h */ = {isa = PBXFileReference; lastKnownFileType = sourcecode.c.h; path = ViewController.h; sourceTree = "<group>"; };
		43EAF6DE1C46389400AD213A /* ViewController.m */ = {isa = PBXFileReference; lastKnownFileType = sourcecode.c.objc; path = ViewController.m; sourceTree = "<group>"; };
		43EAF6E11C46389400AD213A /* Base */ = {isa = PBXFileReference; lastKnownFileType = file.storyboard; name = Base; path = Base.lproj/Main.storyboard; sourceTree = "<group>"; };
		43EAF6E31C46389400AD213A /* Assets.xcassets */ = {isa = PBXFileReference; lastKnownFileType = folder.assetcatalog; path = Assets.xcassets; sourceTree = "<group>"; };
		43EAF6E61C46389400AD213A /* Base */ = {isa = PBXFileReference; lastKnownFileType = file.storyboard; name = Base; path = Base.lproj/LaunchScreen.storyboard; sourceTree = "<group>"; };
		43EAF6E81C46389400AD213A /* Info.plist */ = {isa = PBXFileReference; lastKnownFileType = text.plist.xml; path = Info.plist; sourceTree = "<group>"; };
/* End PBXFileReference section */

/* Begin PBXFrameworksBuildPhase section */
		43EAF6D11C46389400AD213A /* Frameworks */ = {
			isa = PBXFrameworksBuildPhase;
			buildActionMask = 2147483647;
			files = (
			);
			runOnlyForDeploymentPostprocessing = 0;
		};
/* End PBXFrameworksBuildPhase section */

/* Begin PBXGroup section */
		43EAF6CB1C46389400AD213A = {
			isa = PBXGroup;
			children = (
				43EAF6D61C46389400AD213A /* TestOrge3D */,
				43EAF6D51C46389400AD213A /* Products */,
			);
			sourceTree = "<group>";
		};
		43EAF6D51C46389400AD213A /* Products */ = {
			isa = PBXGroup;
			children = (
				43EAF6D41C46389400AD213A /* TestOrge3D.app */,
			);
			name = Products;
			sourceTree = "<group>";
		};
		43EAF6D61C46389400AD213A /* TestOrge3D */ = {
			isa = PBXGroup;
			children = (
				43EAF6DA1C46389400AD213A /* AppDelegate.h */,
				43EAF6DB1C46389400AD213A /* AppDelegate.m */,
				43EAF6DD1C46389400AD213A /* ViewController.h */,
				43EAF6DE1C46389400AD213A /* ViewController.m */,
				43EAF6E01C46389400AD213A /* Main.storyboard */,
				43EAF6E31C46389400AD213A /* Assets.xcassets */,
				43EAF6E51C46389400AD213A /* LaunchScreen.storyboard */,
				43EAF6E81C46389400AD213A /* Info.plist */,
				43EAF6D71C46389400AD213A /* Supporting Files */,
			);
			path = TestOrge3D;
			sourceTree = "<group>";
		};
		43EAF6D71C46389400AD213A /* Supporting Files */ = {
			isa = PBXGroup;
			children = (
				43EAF6D81C46389400AD213A /* main.m */,
			);
			name = "Supporting Files";
			sourceTree = "<group>";
		};
/* End PBXGroup section */

/* Begin PBXNativeTarget section */
		43EAF6D31C46389400AD213A /* TestOrge3D */ = {
			isa = PBXNativeTarget;
			buildConfigurationList = 43EAF6EB1C46389400AD213A /* Build configuration list for PBXNativeTarget "TestOrge3D" */;
			buildPhases = (
				43EAF6D01C46389400AD213A /* Sources */,
				43EAF6D11C46389400AD213A /* Frameworks */,
				43EAF6D21C46389400AD213A /* Resources */,
			);
			buildRules = (
			);
			dependencies = (
			);
			name = TestOrge3D;
			productName = TestOrge3D;
			productReference = 43EAF6D41C46389400AD213A /* TestOrge3D.app */;
			productType = "com.apple.product-type.application";
		};
/* End PBXNativeTarget section */

/* Begin PBXProject section */
		43EAF6CC1C46389400AD213A /* Project object */ = {
			isa = PBXProject;
			attributes = {
				LastUpgradeCheck = 0720;
				ORGANIZATIONNAME = Yang.me;
				TargetAttributes = {
					43EAF6D31C46389400AD213A = {
						CreatedOnToolsVersion = 7.2;
					};
				};
			};
			buildConfigurationList = 43EAF6CF1C46389400AD213A /* Build configuration list for PBXProject "TestOrge3D" */;
			compatibilityVersion = "Xcode 3.2";
			developmentRegion = English;
			hasScannedForEncodings = 0;
			knownRegions = (
				en,
				Base,
			);
			mainGroup = 43EAF6CB1C46389400AD213A;
			productRefGroup = 43EAF6D51C46389400AD213A /* Products */;
			projectDirPath = "";
			projectRoot = "";
			targets = (
				43EAF6D31C46389400AD213A /* TestOrge3D */,
			);
		};
/* End PBXProject section */

/* Begin PBXResourcesBuildPhase section */
		43EAF6D21C46389400AD213A /* Resources */ = {
			isa = PBXResourcesBuildPhase;
			buildActionMask = 2147483647;
			files = (
				43EAF6E71C46389400AD213A /* LaunchScreen.storyboard in Resources */,
				43EAF6E41C46389400AD213A /* Assets.xcassets in Resources */,
				43EAF6E21C46389400AD213A /* Main.storyboard in Resources */,
			);
			runOnlyForDeploymentPostprocessing = 0;
		};
/* End PBXResourcesBuildPhase section */

/* Begin PBXSourcesBuildPhase section */
		43EAF6D01C46389400AD213A /* Sources */ = {
			isa = PBXSourcesBuildPhase;
			buildActionMask = 2147483647;
			files = (
				43EAF6DF1C46389400AD213A /* ViewController.m in Sources */,
				43EAF6DC1C46389400AD213A /* AppDelegate.m in Sources */,
				43EAF6D91C46389400AD213A /* main.m in Sources */,
			);
			runOnlyForDeploymentPostprocessing = 0;
		};
/* End PBXSourcesBuildPhase section */

/* Begin PBXVariantGroup section */
		43EAF6E01C46389400AD213A /* Main.storyboard */ = {
			isa = PBXVariantGroup;
			children = (
				43EAF6E11C46389400AD213A /* Base */,
			);
			name = Main.storyboard;
			sourceTree = "<group>";
		};
		43EAF6E51C46389400AD213A /* LaunchScreen.storyboard */ = {
			isa = PBXVariantGroup;
			children = (
				43EAF6E61C46389400AD213A /* Base */,
			);
			name = LaunchScreen.storyboard;
			sourceTree = "<group>";
		};
/* End PBXVariantGroup section */

/* Begin XCBuildConfiguration section */
		43EAF6E91C46389400AD213A /* Debug */ = {
			isa = XCBuildConfiguration;
			buildSettings = {
				ALWAYS_SEARCH_USER_PATHS = NO;
				CLANG_CXX_LANGUAGE_STANDARD = "gnu++0x";
				CLANG_CXX_LIBRARY = "libc++";
				CLANG_ENABLE_MODULES = YES;
				CLANG_ENABLE_OBJC_ARC = YES;
				CLANG_WARN_BOOL_CONVERSION = YES;
				CLANG_WARN_CONSTANT_CONVERSION = YES;
				CLANG_WARN_DIRECT_OBJC_ISA_USAGE = YES_ERROR;
				CLANG_WARN_EMPTY_BODY = YES;
				CLANG_WARN_ENUM_CONVERSION = YES;
				CLANG_WARN_INT_CONVERSION = YES;
				CLANG_WARN_OBJC_ROOT_CLASS = YES_ERROR;
				CLANG_WARN_UNREACHABLE_CODE = YES;
				CLANG_WARN__DUPLICATE_METHOD_MATCH = YES;
				"CODE_SIGN_IDENTITY[sdk=iphoneos*]" = "iPhone Developer";
				COPY_PHASE_STRIP = NO;
				DEBUG_INFORMATION_FORMAT = dwarf;
				ENABLE_STRICT_OBJC_MSGSEND = YES;
				ENABLE_TESTABILITY = YES;
				GCC_C_LANGUAGE_STANDARD = gnu99;
				GCC_DYNAMIC_NO_PIC = NO;
				GCC_NO_COMMON_BLOCKS = YES;
				GCC_OPTIMIZATION_LEVEL = 0;
				GCC_PREPROCESSOR_DEFINITIONS = (
					"DEBUG=1",
					"$(inherited)",
				);
				GCC_WARN_64_TO_32_BIT_CONVERSION = YES;
				GCC_WARN_ABOUT_RETURN_TYPE = YES_ERROR;
				GCC_WARN_UNDECLARED_SELECTOR = YES;
				GCC_WARN_UNINITIALIZED_AUTOS = YES_AGGRESSIVE;
				GCC_WARN_UNUSED_FUNCTION = YES;
				GCC_WARN_UNUSED_VARIABLE = YES;
				IPHONEOS_DEPLOYMENT_TARGET = 9.2;
				MTL_ENABLE_DEBUG_INFO = YES;
				ONLY_ACTIVE_ARCH = YES;
				SDKROOT = iphoneos;
			};
			name = Debug;
		};
		43EAF6EA1C46389400AD213A /* Release */ = {
			isa = XCBuildConfiguration;
			buildSettings = {
				ALWAYS_SEARCH_USER_PATHS = NO;
				CLANG_CXX_LANGUAGE_STANDARD = "gnu++0x";
				CLANG_CXX_LIBRARY = "libc++";
				CLANG_ENABLE_MODULES = YES;
				CLANG_ENABLE_OBJC_ARC = YES;
				CLANG_WARN_BOOL_CONVERSION = YES;
				CLANG_WARN_CONSTANT_CONVERSION = YES;
				CLANG_WARN_DIRECT_OBJC_ISA_USAGE = YES_ERROR;
				CLANG_WARN_EMPTY_BODY = YES;
				CLANG_WARN_ENUM_CONVERSION = YES;
				CLANG_WARN_INT_CONVERSION = YES;
				CLANG_WARN_OBJC_ROOT_CLASS = YES_ERROR;
				CLANG_WARN_UNREACHABLE_CODE = YES;
				CLANG_WARN__DUPLICATE_METHOD_MATCH = YES;
				"CODE_SIGN_IDENTITY[sdk=iphoneos*]" = "iPhone Developer";
				COPY_PHASE_STRIP = NO;
				DEBUG_INFORMATION_FORMAT = "dwarf-with-dsym";
				ENABLE_NS_ASSERTIONS = NO;
				ENABLE_STRICT_OBJC_MSGSEND = YES;
				GCC_C_LANGUAGE_STANDARD = gnu99;
				GCC_NO_COMMON_BLOCKS = YES;
				GCC_WARN_64_TO_32_BIT_CONVERSION = YES;
				GCC_WARN_ABOUT_RETURN_TYPE = YES_ERROR;
				GCC_WARN_UNDECLARED_SELECTOR = YES;
				GCC_WARN_UNINITIALIZED_AUTOS = YES_AGGRESSIVE;
				GCC_WARN_UNUSED_FUNCTION = YES;
				GCC_WARN_UNUSED_VARIABLE = YES;
				IPHONEOS_DEPLOYMENT_TARGET = 9.2;
				MTL_ENABLE_DEBUG_INFO = NO;
				SDKROOT = iphoneos;
				VALIDATE_PRODUCT = YES;
			};
			name = Release;
		};
		43EAF6EC1C46389400AD213A /* Debug */ = {
			isa = XCBuildConfiguration;
			buildSettings = {
				ASSETCATALOG_COMPILER_APPICON_NAME = AppIcon;
				INFOPLIST_FILE = TestOrge3D/Info.plist;
				LD_RUNPATH_SEARCH_PATHS = "$(inherited) @executable_path/Frameworks";
				PRODUCT_BUNDLE_IDENTIFIER = me.yang.TestOrge3D;
				PRODUCT_NAME = "$(TARGET_NAME)";
			};
			name = Debug;
		};
		43EAF6ED1C46389400AD213A /* Release */ = {
			isa = XCBuildConfiguration;
			buildSettings = {
				ASSETCATALOG_COMPILER_APPICON_NAME = AppIcon;
				INFOPLIST_FILE = TestOrge3D/Info.plist;
				LD_RUNPATH_SEARCH_PATHS = "$(inherited) @executable_path/Frameworks";
				PRODUCT_BUNDLE_IDENTIFIER = me.yang.TestOrge3D;
				PRODUCT_NAME = "$(TARGET_NAME)";
			};
			name = Release;
		};
/* End XCBuildConfiguration section */

/* Begin XCConfigurationList section */
		43EAF6CF1C46389400AD213A /* Build configuration list for PBXProject "TestOrge3D" */ = {
			isa = XCConfigurationList;
			buildConfigurations = (
				43EAF6E91C46389400AD213A /* Debug */,
				43EAF6EA1C46389400AD213A /* Release */,
			);
			defaultConfigurationIsVisible = 0;
			defaultConfigurationName = Release;
		};
		43EAF6EB1C46389400AD213A /* Build configuration list for PBXNativeTarget "TestOrge3D" */ = {
			isa = XCConfigurationList;
			buildConfigurations = (
				43EAF6EC1C46389400AD213A /* Debug */,
				43EAF6ED1C46389400AD213A /* Release */,
			);
			defaultConfigurationIsVisible = 0;
		};
/* End XCConfigurationList section */
	};
	rootObject = 43EAF6CC1C46389400AD213A /* Project object */;
}
